// !$*UTF8*$!
{
	archiveVersion = 1;
	classes = {
	};
	objectVersion = 46;
	objects = {

/* Begin PBXBuildFile section */
		46825A8C1FFA368200FD8ED9 /* main.m in Sources */ = {isa = PBXBuildFile; fileRef = 46825A8B1FFA368200FD8ED9 /* main.m */; };
		46825A8F1FFA368200FD8ED9 /* AppDelegate.m in Sources */ = {isa = PBXBuildFile; fileRef = 46825A8E1FFA368200FD8ED9 /* AppDelegate.m */; };
		46825A951FFA368200FD8ED9 /* Main.storyboard in Resources */ = {isa = PBXBuildFile; fileRef = 46825A931FFA368200FD8ED9 /* Main.storyboard */; };
		46825A981FFA368200FD8ED9 /* LearningFun.xcdatamodeld in Sources */ = {isa = PBXBuildFile; fileRef = 46825A961FFA368200FD8ED9 /* LearningFun.xcdatamodeld */; };
		46825A9A1FFA368200FD8ED9 /* Assets.xcassets in Resources */ = {isa = PBXBuildFile; fileRef = 46825A991FFA368200FD8ED9 /* Assets.xcassets */; };
		46825A9D1FFA368200FD8ED9 /* LaunchScreen.storyboard in Resources */ = {isa = PBXBuildFile; fileRef = 46825A9B1FFA368200FD8ED9 /* LaunchScreen.storyboard */; };
		46825AA81FFA368200FD8ED9 /* LearningFunTests.m in Sources */ = {isa = PBXBuildFile; fileRef = 46825AA71FFA368200FD8ED9 /* LearningFunTests.m */; };
		46825AB31FFA368200FD8ED9 /* LearningFunUITests.m in Sources */ = {isa = PBXBuildFile; fileRef = 46825AB21FFA368200FD8ED9 /* LearningFunUITests.m */; };
		46825AC51FFA38C800FD8ED9 /* FirstViewController.m in Sources */ = {isa = PBXBuildFile; fileRef = 46825AC11FFA38C800FD8ED9 /* FirstViewController.m */; };
		46825AC61FFA38C800FD8ED9 /* SecondViewController.m in Sources */ = {isa = PBXBuildFile; fileRef = 46825AC31FFA38C800FD8ED9 /* SecondViewController.m */; };
		46825AC71FFA38C800FD8ED9 /* Settings.bundle in Resources */ = {isa = PBXBuildFile; fileRef = 46825AC41FFA38C800FD8ED9 /* Settings.bundle */; };
		46825AD11FFF3F0600FD8ED9 /* UserRecord.m in Sources */ = {isa = PBXBuildFile; fileRef = 46825AD01FFF3F0600FD8ED9 /* UserRecord.m */; };
		46C7FC44262D2E6000A37F16 /* creme_brelee.jpg in Resources */ = {isa = PBXBuildFile; fileRef = 46C7FC43262D2E6000A37F16 /* creme_brelee.jpg */; };
		46E58538200BE26E001A9626 /* MathProblemGenerator.m in Sources */ = {isa = PBXBuildFile; fileRef = 46E58537200BE26E001A9626 /* MathProblemGenerator.m */; };
/* End PBXBuildFile section */

/* Begin PBXContainerItemProxy section */
		46825AA41FFA368200FD8ED9 /* PBXContainerItemProxy */ = {
			isa = PBXContainerItemProxy;
			containerPortal = 46825A7F1FFA368200FD8ED9 /* Project object */;
			proxyType = 1;
			remoteGlobalIDString = 46825A861FFA368200FD8ED9;
			remoteInfo = LearningFun;
		};
		46825AAF1FFA368200FD8ED9 /* PBXContainerItemProxy */ = {
			isa = PBXContainerItemProxy;
			containerPortal = 46825A7F1FFA368200FD8ED9 /* Project object */;
			proxyType = 1;
			remoteGlobalIDString = 46825A861FFA368200FD8ED9;
			remoteInfo = LearningFun;
		};
/* End PBXContainerItemProxy section */

/* Begin PBXFileReference section */
		46825A871FFA368200FD8ED9 /* LearningFun.app */ = {isa = PBXFileReference; explicitFileType = wrapper.application; includeInIndex = 0; path = LearningFun.app; sourceTree = BUILT_PRODUCTS_DIR; };
		46825A8B1FFA368200FD8ED9 /* main.m */ = {isa = PBXFileReference; lastKnownFileType = sourcecode.c.objc; path = main.m; sourceTree = "<group>"; };
		46825A8D1FFA368200FD8ED9 /* AppDelegate.h */ = {isa = PBXFileReference; lastKnownFileType = sourcecode.c.h; path = AppDelegate.h; sourceTree = "<group>"; };
		46825A8E1FFA368200FD8ED9 /* AppDelegate.m */ = {isa = PBXFileReference; lastKnownFileType = sourcecode.c.objc; path = AppDelegate.m; sourceTree = "<group>"; };
		46825A941FFA368200FD8ED9 /* Base */ = {isa = PBXFileReference; lastKnownFileType = file.storyboard; name = Base; path = Base.lproj/Main.storyboard; sourceTree = "<group>"; };
		46825A971FFA368200FD8ED9 /* LearningFun.xcdatamodel */ = {isa = PBXFileReference; lastKnownFileType = wrapper.xcdatamodel; path = LearningFun.xcdatamodel; sourceTree = "<group>"; };
		46825A991FFA368200FD8ED9 /* Assets.xcassets */ = {isa = PBXFileReference; lastKnownFileType = folder.assetcatalog; path = Assets.xcassets; sourceTree = "<group>"; };
		46825A9C1FFA368200FD8ED9 /* Base */ = {isa = PBXFileReference; lastKnownFileType = file.storyboard; name = Base; path = Base.lproj/LaunchScreen.storyboard; sourceTree = "<group>"; };
		46825A9E1FFA368200FD8ED9 /* Info.plist */ = {isa = PBXFileReference; lastKnownFileType = text.plist.xml; path = Info.plist; sourceTree = "<group>"; };
		46825AA31FFA368200FD8ED9 /* LearningFunTests.xctest */ = {isa = PBXFileReference; explicitFileType = wrapper.cfbundle; includeInIndex = 0; path = LearningFunTests.xctest; sourceTree = BUILT_PRODUCTS_DIR; };
		46825AA71FFA368200FD8ED9 /* LearningFunTests.m */ = {isa = PBXFileReference; lastKnownFileType = sourcecode.c.objc; path = LearningFunTests.m; sourceTree = "<group>"; };
		46825AA91FFA368200FD8ED9 /* Info.plist */ = {isa = PBXFileReference; lastKnownFileType = text.plist.xml; path = Info.plist; sourceTree = "<group>"; };
		46825AAE1FFA368200FD8ED9 /* LearningFunUITests.xctest */ = {isa = PBXFileReference; explicitFileType = wrapper.cfbundle; includeInIndex = 0; path = LearningFunUITests.xctest; sourceTree = BUILT_PRODUCTS_DIR; };
		46825AB21FFA368200FD8ED9 /* LearningFunUITests.m */ = {isa = PBXFileReference; lastKnownFileType = sourcecode.c.objc; path = LearningFunUITests.m; sourceTree = "<group>"; };
		46825AB41FFA368200FD8ED9 /* Info.plist */ = {isa = PBXFileReference; lastKnownFileType = text.plist.xml; path = Info.plist; sourceTree = "<group>"; };
		46825AC01FFA38C800FD8ED9 /* FirstViewController.h */ = {isa = PBXFileReference; fileEncoding = 4; lastKnownFileType = sourcecode.c.h; path = FirstViewController.h; sourceTree = "<group>"; };
		46825AC11FFA38C800FD8ED9 /* FirstViewController.m */ = {isa = PBXFileReference; fileEncoding = 4; lastKnownFileType = sourcecode.c.objc; path = FirstViewController.m; sourceTree = "<group>"; };
		46825AC21FFA38C800FD8ED9 /* SecondViewController.h */ = {isa = PBXFileReference; fileEncoding = 4; lastKnownFileType = sourcecode.c.h; path = SecondViewController.h; sourceTree = "<group>"; };
		46825AC31FFA38C800FD8ED9 /* SecondViewController.m */ = {isa = PBXFileReference; fileEncoding = 4; lastKnownFileType = sourcecode.c.objc; path = SecondViewController.m; sourceTree = "<group>"; };
		46825AC41FFA38C800FD8ED9 /* Settings.bundle */ = {isa = PBXFileReference; lastKnownFileType = "wrapper.plug-in"; path = Settings.bundle; sourceTree = "<group>"; };
		46825ACF1FFF3EEF00FD8ED9 /* UserRecord.h */ = {isa = PBXFileReference; lastKnownFileType = sourcecode.c.h; path = UserRecord.h; sourceTree = "<group>"; };
		46825AD01FFF3F0600FD8ED9 /* UserRecord.m */ = {isa = PBXFileReference; fileEncoding = 4; lastKnownFileType = sourcecode.c.objc; path = UserRecord.m; sourceTree = "<group>"; };
		46C7FC43262D2E6000A37F16 /* creme_brelee.jpg */ = {isa = PBXFileReference; lastKnownFileType = image.jpeg; path = creme_brelee.jpg; sourceTree = "<group>"; };
		46E58537200BE26E001A9626 /* MathProblemGenerator.m */ = {isa = PBXFileReference; lastKnownFileType = sourcecode.c.objc; path = MathProblemGenerator.m; sourceTree = "<group>"; };
		46E58539200BE284001A9626 /* MathProblemGenerator.h */ = {isa = PBXFileReference; lastKnownFileType = sourcecode.c.h; path = MathProblemGenerator.h; sourceTree = "<group>"; };
/* End PBXFileReference section */

/* Begin PBXFrameworksBuildPhase section */
		46825A841FFA368200FD8ED9 /* Frameworks */ = {
			isa = PBXFrameworksBuildPhase;
			buildActionMask = 2147483647;
			files = (
			);
			runOnlyForDeploymentPostprocessing = 0;
		};
		46825AA01FFA368200FD8ED9 /* Frameworks */ = {
			isa = PBXFrameworksBuildPhase;
			buildActionMask = 2147483647;
			files = (
			);
			runOnlyForDeploymentPostprocessing = 0;
		};
		46825AAB1FFA368200FD8ED9 /* Frameworks */ = {
			isa = PBXFrameworksBuildPhase;
			buildActionMask = 2147483647;
			files = (
			);
			runOnlyForDeploymentPostprocessing = 0;
		};
/* End PBXFrameworksBuildPhase section */

/* Begin PBXGroup section */
		46825A7E1FFA368200FD8ED9 = {
			isa = PBXGroup;
			children = (
				46825A891FFA368200FD8ED9 /* LearningFun */,
				46825AA61FFA368200FD8ED9 /* LearningFunTests */,
				46825AB11FFA368200FD8ED9 /* LearningFunUITests */,
				46825A881FFA368200FD8ED9 /* Products */,
			);
			sourceTree = "<group>";
		};
		46825A881FFA368200FD8ED9 /* Products */ = {
			isa = PBXGroup;
			children = (
				46825A871FFA368200FD8ED9 /* LearningFun.app */,
				46825AA31FFA368200FD8ED9 /* LearningFunTests.xctest */,
				46825AAE1FFA368200FD8ED9 /* LearningFunUITests.xctest */,
			);
			name = Products;
			sourceTree = "<group>";
		};
		46825A891FFA368200FD8ED9 /* LearningFun */ = {
			isa = PBXGroup;
			children = (
				46C7FC43262D2E6000A37F16 /* creme_brelee.jpg */,
				46825AC01FFA38C800FD8ED9 /* FirstViewController.h */,
				46825AC11FFA38C800FD8ED9 /* FirstViewController.m */,
				46825AC21FFA38C800FD8ED9 /* SecondViewController.h */,
				46825AC31FFA38C800FD8ED9 /* SecondViewController.m */,
				46825AC41FFA38C800FD8ED9 /* Settings.bundle */,
				46825A8D1FFA368200FD8ED9 /* AppDelegate.h */,
				46825A8E1FFA368200FD8ED9 /* AppDelegate.m */,
				46825A991FFA368200FD8ED9 /* Assets.xcassets */,
				46825A931FFA368200FD8ED9 /* Main.storyboard */,
				46825A9B1FFA368200FD8ED9 /* LaunchScreen.storyboard */,
				46825A9E1FFA368200FD8ED9 /* Info.plist */,
				46825A961FFA368200FD8ED9 /* LearningFun.xcdatamodeld */,
				46825A8A1FFA368200FD8ED9 /* Supporting Files */,
				46825ACF1FFF3EEF00FD8ED9 /* UserRecord.h */,
				46825AD01FFF3F0600FD8ED9 /* UserRecord.m */,
				46E58539200BE284001A9626 /* MathProblemGenerator.h */,
				46E58537200BE26E001A9626 /* MathProblemGenerator.m */,
			);
			path = LearningFun;
			sourceTree = "<group>";
		};
		46825A8A1FFA368200FD8ED9 /* Supporting Files */ = {
			isa = PBXGroup;
			children = (
				46825A8B1FFA368200FD8ED9 /* main.m */,
			);
			name = "Supporting Files";
			sourceTree = "<group>";
		};
		46825AA61FFA368200FD8ED9 /* LearningFunTests */ = {
			isa = PBXGroup;
			children = (
				46825AA71FFA368200FD8ED9 /* LearningFunTests.m */,
				46825AA91FFA368200FD8ED9 /* Info.plist */,
			);
			path = LearningFunTests;
			sourceTree = "<group>";
		};
		46825AB11FFA368200FD8ED9 /* LearningFunUITests */ = {
			isa = PBXGroup;
			children = (
				46825AB21FFA368200FD8ED9 /* LearningFunUITests.m */,
				46825AB41FFA368200FD8ED9 /* Info.plist */,
			);
			path = LearningFunUITests;
			sourceTree = "<group>";
		};
/* End PBXGroup section */

/* Begin PBXNativeTarget section */
		46825A861FFA368200FD8ED9 /* LearningFun */ = {
			isa = PBXNativeTarget;
			buildConfigurationList = 46825AB71FFA368200FD8ED9 /* Build configuration list for PBXNativeTarget "LearningFun" */;
			buildPhases = (
				46825A831FFA368200FD8ED9 /* Sources */,
				46825A841FFA368200FD8ED9 /* Frameworks */,
				46825A851FFA368200FD8ED9 /* Resources */,
			);
			buildRules = (
			);
			dependencies = (
			);
			name = LearningFun;
			productName = LearningFun;
			productReference = 46825A871FFA368200FD8ED9 /* LearningFun.app */;
			productType = "com.apple.product-type.application";
		};
		46825AA21FFA368200FD8ED9 /* LearningFunTests */ = {
			isa = PBXNativeTarget;
			buildConfigurationList = 46825ABA1FFA368200FD8ED9 /* Build configuration list for PBXNativeTarget "LearningFunTests" */;
			buildPhases = (
				46825A9F1FFA368200FD8ED9 /* Sources */,
				46825AA01FFA368200FD8ED9 /* Frameworks */,
				46825AA11FFA368200FD8ED9 /* Resources */,
			);
			buildRules = (
			);
			dependencies = (
				46825AA51FFA368200FD8ED9 /* PBXTargetDependency */,
			);
			name = LearningFunTests;
			productName = LearningFunTests;
			productReference = 46825AA31FFA368200FD8ED9 /* LearningFunTests.xctest */;
			productType = "com.apple.product-type.bundle.unit-test";
		};
		46825AAD1FFA368200FD8ED9 /* LearningFunUITests */ = {
			isa = PBXNativeTarget;
			buildConfigurationList = 46825ABD1FFA368200FD8ED9 /* Build configuration list for PBXNativeTarget "LearningFunUITests" */;
			buildPhases = (
				46825AAA1FFA368200FD8ED9 /* Sources */,
				46825AAB1FFA368200FD8ED9 /* Frameworks */,
				46825AAC1FFA368200FD8ED9 /* Resources */,
			);
			buildRules = (
			);
			dependencies = (
				46825AB01FFA368200FD8ED9 /* PBXTargetDependency */,
			);
			name = LearningFunUITests;
			productName = LearningFunUITests;
			productReference = 46825AAE1FFA368200FD8ED9 /* LearningFunUITests.xctest */;
			productType = "com.apple.product-type.bundle.ui-testing";
		};
/* End PBXNativeTarget section */

/* Begin PBXProject section */
		46825A7F1FFA368200FD8ED9 /* Project object */ = {
			isa = PBXProject;
			attributes = {
				LastUpgradeCheck = 0920;
				ORGANIZATIONNAME = chchench;
				TargetAttributes = {
					46825A861FFA368200FD8ED9 = {
						CreatedOnToolsVersion = 7.2.1;
						DevelopmentTeam = SC7488M9S2;
					};
					46825AA21FFA368200FD8ED9 = {
						CreatedOnToolsVersion = 7.2.1;
						DevelopmentTeam = SC7488M9S2;
						TestTargetID = 46825A861FFA368200FD8ED9;
					};
					46825AAD1FFA368200FD8ED9 = {
						CreatedOnToolsVersion = 7.2.1;
						DevelopmentTeam = SC7488M9S2;
						TestTargetID = 46825A861FFA368200FD8ED9;
					};
				};
			};
			buildConfigurationList = 46825A821FFA368200FD8ED9 /* Build configuration list for PBXProject "LearningFun" */;
			compatibilityVersion = "Xcode 3.2";
			developmentRegion = English;
			hasScannedForEncodings = 0;
			knownRegions = (
				English,
				en,
				Base,
			);
			mainGroup = 46825A7E1FFA368200FD8ED9;
			productRefGroup = 46825A881FFA368200FD8ED9 /* Products */;
			projectDirPath = "";
			projectRoot = "";
			targets = (
				46825A861FFA368200FD8ED9 /* LearningFun */,
				46825AA21FFA368200FD8ED9 /* LearningFunTests */,
				46825AAD1FFA368200FD8ED9 /* LearningFunUITests */,
			);
		};
/* End PBXProject section */

/* Begin PBXResourcesBuildPhase section */
		46825A851FFA368200FD8ED9 /* Resources */ = {
			isa = PBXResourcesBuildPhase;
			buildActionMask = 2147483647;
			files = (
				46825AC71FFA38C800FD8ED9 /* Settings.bundle in Resources */,
				46C7FC44262D2E6000A37F16 /* creme_brelee.jpg in Resources */,
				46825A9D1FFA368200FD8ED9 /* LaunchScreen.storyboard in Resources */,
				46825A9A1FFA368200FD8ED9 /* Assets.xcassets in Resources */,
				46825A951FFA368200FD8ED9 /* Main.storyboard in Resources */,
			);
			runOnlyForDeploymentPostprocessing = 0;
		};
		46825AA11FFA368200FD8ED9 /* Resources */ = {
			isa = PBXResourcesBuildPhase;
			buildActionMask = 2147483647;
			files = (
			);
			runOnlyForDeploymentPostprocessing = 0;
		};
		46825AAC1FFA368200FD8ED9 /* Resources */ = {
			isa = PBXResourcesBuildPhase;
			buildActionMask = 2147483647;
			files = (
			);
			runOnlyForDeploymentPostprocessing = 0;
		};
/* End PBXResourcesBuildPhase section */

/* Begin PBXSourcesBuildPhase section */
		46825A831FFA368200FD8ED9 /* Sources */ = {
			isa = PBXSourcesBuildPhase;
			buildActionMask = 2147483647;
			files = (
				46E58538200BE26E001A9626 /* MathProblemGenerator.m in Sources */,
				46825AC61FFA38C800FD8ED9 /* SecondViewController.m in Sources */,
				46825A981FFA368200FD8ED9 /* LearningFun.xcdatamodeld in Sources */,
				46825AC51FFA38C800FD8ED9 /* FirstViewController.m in Sources */,
				46825A8F1FFA368200FD8ED9 /* AppDelegate.m in Sources */,
				46825A8C1FFA368200FD8ED9 /* main.m in Sources */,
				46825AD11FFF3F0600FD8ED9 /* UserRecord.m in Sources */,
			);
			runOnlyForDeploymentPostprocessing = 0;
		};
		46825A9F1FFA368200FD8ED9 /* Sources */ = {
			isa = PBXSourcesBuildPhase;
			buildActionMask = 2147483647;
			files = (
				46825AA81FFA368200FD8ED9 /* LearningFunTests.m in Sources */,
			);
			runOnlyForDeploymentPostprocessing = 0;
		};
		46825AAA1FFA368200FD8ED9 /* Sources */ = {
			isa = PBXSourcesBuildPhase;
			buildActionMask = 2147483647;
			files = (
				46825AB31FFA368200FD8ED9 /* LearningFunUITests.m in Sources */,
			);
			runOnlyForDeploymentPostprocessing = 0;
		};
/* End PBXSourcesBuildPhase section */

/* Begin PBXTargetDependency section */
		46825AA51FFA368200FD8ED9 /* PBXTargetDependency */ = {
			isa = PBXTargetDependency;
			target = 46825A861FFA368200FD8ED9 /* LearningFun */;
			targetProxy = 46825AA41FFA368200FD8ED9 /* PBXContainerItemProxy */;
		};
		46825AB01FFA368200FD8ED9 /* PBXTargetDependency */ = {
			isa = PBXTargetDependency;
			target = 46825A861FFA368200FD8ED9 /* LearningFun */;
			targetProxy = 46825AAF1FFA368200FD8ED9 /* PBXContainerItemProxy */;
		};
/* End PBXTargetDependency section */

/* Begin PBXVariantGroup section */
		46825A931FFA368200FD8ED9 /* Main.storyboard */ = {
			isa = PBXVariantGroup;
			children = (
				46825A941FFA368200FD8ED9 /* Base */,
			);
			name = Main.storyboard;
			sourceTree = "<group>";
		};
		46825A9B1FFA368200FD8ED9 /* LaunchScreen.storyboard */ = {
			isa = PBXVariantGroup;
			children = (
				46825A9C1FFA368200FD8ED9 /* Base */,
			);
			name = LaunchScreen.storyboard;
			sourceTree = "<group>";
		};
/* End PBXVariantGroup section */

/* Begin XCBuildConfiguration section */
		46825AB51FFA368200FD8ED9 /* Debug */ = {
			isa = XCBuildConfiguration;
			buildSettings = {
				ALWAYS_SEARCH_USER_PATHS = NO;
				CLANG_CXX_LANGUAGE_STANDARD = "gnu++0x";
				CLANG_CXX_LIBRARY = "libc++";
				CLANG_ENABLE_MODULES = YES;
				CLANG_ENABLE_OBJC_ARC = YES;
				CLANG_WARN_BLOCK_CAPTURE_AUTORELEASING = YES;
				CLANG_WARN_BOOL_CONVERSION = YES;
				CLANG_WARN_COMMA = YES;
				CLANG_WARN_CONSTANT_CONVERSION = YES;
				CLANG_WARN_DIRECT_OBJC_ISA_USAGE = YES_ERROR;
				CLANG_WARN_EMPTY_BODY = YES;
				CLANG_WARN_ENUM_CONVERSION = YES;
				CLANG_WARN_INFINITE_RECURSION = YES;
				CLANG_WARN_INT_CONVERSION = YES;
				CLANG_WARN_NON_LITERAL_NULL_CONVERSION = YES;
				CLANG_WARN_OBJC_LITERAL_CONVERSION = YES;
				CLANG_WARN_OBJC_ROOT_CLASS = YES_ERROR;
				CLANG_WARN_RANGE_LOOP_ANALYSIS = YES;
				CLANG_WARN_STRICT_PROTOTYPES = YES;
				CLANG_WARN_SUSPICIOUS_MOVE = YES;
				CLANG_WARN_UNREACHABLE_CODE = YES;
				CLANG_WARN__DUPLICATE_METHOD_MATCH = YES;
				CODE_SIGN_IDENTITY = "iPhone Developer: Charles Cheng (LEUQT93L6A)";
				"CODE_SIGN_IDENTITY[sdk=iphoneos*]" = "iPhone Developer";
				COPY_PHASE_STRIP = NO;
				DEBUG_INFORMATION_FORMAT = dwarf;
				DEVELOPMENT_TEAM = SC7488M9S2;
				"DEVELOPMENT_TEAM[sdk=*]" = SC7488M9S2;
				ENABLE_STRICT_OBJC_MSGSEND = YES;
				ENABLE_TESTABILITY = YES;
				GCC_C_LANGUAGE_STANDARD = gnu99;
				GCC_DYNAMIC_NO_PIC = NO;
				GCC_NO_COMMON_BLOCKS = YES;
				GCC_OPTIMIZATION_LEVEL = 0;
				GCC_PREPROCESSOR_DEFINITIONS = (
					"DEBUG=1",
					"$(inherited)",
				);
				GCC_WARN_64_TO_32_BIT_CONVERSION = YES;
				GCC_WARN_ABOUT_RETURN_TYPE = YES_ERROR;
				GCC_WARN_UNDECLARED_SELECTOR = YES;
				GCC_WARN_UNINITIALIZED_AUTOS = YES_AGGRESSIVE;
				GCC_WARN_UNUSED_FUNCTION = YES;
				GCC_WARN_UNUSED_VARIABLE = YES;
				IPHONEOS_DEPLOYMENT_TARGET = 10.0;
				MTL_ENABLE_DEBUG_INFO = YES;
				ONLY_ACTIVE_ARCH = YES;
				SDKROOT = iphoneos;
				TARGETED_DEVICE_FAMILY = 2;
			};
			name = Debug;
		};
		46825AB61FFA368200FD8ED9 /* Release */ = {
			isa = XCBuildConfiguration;
			buildSettings = {
				ALWAYS_SEARCH_USER_PATHS = NO;
				CLANG_CXX_LANGUAGE_STANDARD = "gnu++0x";
				CLANG_CXX_LIBRARY = "libc++";
				CLANG_ENABLE_MODULES = YES;
				CLANG_ENABLE_OBJC_ARC = YES;
				CLANG_WARN_BLOCK_CAPTURE_AUTORELEASING = YES;
				CLANG_WARN_BOOL_CONVERSION = YES;
				CLANG_WARN_COMMA = YES;
				CLANG_WARN_CONSTANT_CONVERSION = YES;
				CLANG_WARN_DIRECT_OBJC_ISA_USAGE = YES_ERROR;
				CLANG_WARN_EMPTY_BODY = YES;
				CLANG_WARN_ENUM_CONVERSION = YES;
				CLANG_WARN_INFINITE_RECURSION = YES;
				CLANG_WARN_INT_CONVERSION = YES;
				CLANG_WARN_NON_LITERAL_NULL_CONVERSION = YES;
				CLANG_WARN_OBJC_LITERAL_CONVERSION = YES;
				CLANG_WARN_OBJC_ROOT_CLASS = YES_ERROR;
				CLANG_WARN_RANGE_LOOP_ANALYSIS = YES;
				CLANG_WARN_STRICT_PROTOTYPES = YES;
				CLANG_WARN_SUSPICIOUS_MOVE = YES;
				CLANG_WARN_UNREACHABLE_CODE = YES;
				CLANG_WARN__DUPLICATE_METHOD_MATCH = YES;
				CODE_SIGN_IDENTITY = "iPhone Developer: Charles Cheng (LEUQT93L6A)";
				"CODE_SIGN_IDENTITY[sdk=iphoneos*]" = "iPhone Developer";
				COPY_PHASE_STRIP = NO;
				DEBUG_INFORMATION_FORMAT = "dwarf-with-dsym";
				DEVELOPMENT_TEAM = SC7488M9S2;
				ENABLE_NS_ASSERTIONS = NO;
				ENABLE_STRICT_OBJC_MSGSEND = YES;
				GCC_C_LANGUAGE_STANDARD = gnu99;
				GCC_NO_COMMON_BLOCKS = YES;
				GCC_WARN_64_TO_32_BIT_CONVERSION = YES;
				GCC_WARN_ABOUT_RETURN_TYPE = YES_ERROR;
				GCC_WARN_UNDECLARED_SELECTOR = YES;
				GCC_WARN_UNINITIALIZED_AUTOS = YES_AGGRESSIVE;
				GCC_WARN_UNUSED_FUNCTION = YES;
				GCC_WARN_UNUSED_VARIABLE = YES;
				IPHONEOS_DEPLOYMENT_TARGET = 10.0;
				MTL_ENABLE_DEBUG_INFO = NO;
				SDKROOT = iphoneos;
				TARGETED_DEVICE_FAMILY = 2;
				VALIDATE_PRODUCT = YES;
			};
			name = Release;
		};
		46825AB81FFA368200FD8ED9 /* Debug */ = {
			isa = XCBuildConfiguration;
			buildSettings = {
				ASSETCATALOG_COMPILER_APPICON_NAME = AppIcon;
				INFOPLIST_FILE = LearningFun/Info.plist;
				LD_RUNPATH_SEARCH_PATHS = "$(inherited) @executable_path/Frameworks";
				PRODUCT_BUNDLE_IDENTIFIER = com.chchench.LearningFun;
				PRODUCT_NAME = "$(TARGET_NAME)";
			};
			name = Debug;
		};
		46825AB91FFA368200FD8ED9 /* Release */ = {
			isa = XCBuildConfiguration;
			buildSettings = {
				ASSETCATALOG_COMPILER_APPICON_NAME = AppIcon;
				INFOPLIST_FILE = LearningFun/Info.plist;
				LD_RUNPATH_SEARCH_PATHS = "$(inherited) @executable_path/Frameworks";
				PRODUCT_BUNDLE_IDENTIFIER = com.chchench.LearningFun;
				PRODUCT_NAME = "$(TARGET_NAME)";
			};
			name = Release;
		};
		46825ABB1FFA368200FD8ED9 /* Debug */ = {
			isa = XCBuildConfiguration;
			buildSettings = {
				BUNDLE_LOADER = "$(TEST_HOST)";
				INFOPLIST_FILE = LearningFunTests/Info.plist;
				LD_RUNPATH_SEARCH_PATHS = "$(inherited) @executable_path/Frameworks @loader_path/Frameworks";
				PRODUCT_BUNDLE_IDENTIFIER = com.chchench.LearningFunTests;
				PRODUCT_NAME = "$(TARGET_NAME)";
				TEST_HOST = "$(BUILT_PRODUCTS_DIR)/LearningFun.app/LearningFun";
			};
			name = Debug;
		};
		46825ABC1FFA368200FD8ED9 /* Release */ = {
			isa = XCBuildConfiguration;
			buildSettings = {
				BUNDLE_LOADER = "$(TEST_HOST)";
				INFOPLIST_FILE = LearningFunTests/Info.plist;
				LD_RUNPATH_SEARCH_PATHS = "$(inherited) @executable_path/Frameworks @loader_path/Frameworks";
				PRODUCT_BUNDLE_IDENTIFIER = com.chchench.LearningFunTests;
				PRODUCT_NAME = "$(TARGET_NAME)";
				TEST_HOST = "$(BUILT_PRODUCTS_DIR)/LearningFun.app/LearningFun";
			};
			name = Release;
		};
		46825ABE1FFA368200FD8ED9 /* Debug */ = {
			isa = XCBuildConfiguration;
			buildSettings = {
				INFOPLIST_FILE = LearningFunUITests/Info.plist;
				LD_RUNPATH_SEARCH_PATHS = "$(inherited) @executable_path/Frameworks @loader_path/Frameworks";
				PRODUCT_BUNDLE_IDENTIFIER = com.chchench.LearningFunUITests;
				PRODUCT_NAME = "$(TARGET_NAME)";
				TEST_TARGET_NAME = LearningFun;
				USES_XCTRUNNER = YES;
			};
			name = Debug;
		};
		46825ABF1FFA368200FD8ED9 /* Release */ = {
			isa = XCBuildConfiguration;
			buildSettings = {
				INFOPLIST_FILE = LearningFunUITests/Info.plist;
				LD_RUNPATH_SEARCH_PATHS = "$(inherited) @executable_path/Frameworks @loader_path/Frameworks";
				PRODUCT_BUNDLE_IDENTIFIER = com.chchench.LearningFunUITests;
				PRODUCT_NAME = "$(TARGET_NAME)";
				TEST_TARGET_NAME = LearningFun;
				USES_XCTRUNNER = YES;
			};
			name = Release;
		};
/* End XCBuildConfiguration section */

/* Begin XCConfigurationList section */
		46825A821FFA368200FD8ED9 /* Build configuration list for PBXProject "LearningFun" */ = {
			isa = XCConfigurationList;
			buildConfigurations = (
				46825AB51FFA368200FD8ED9 /* Debug */,
				46825AB61FFA368200FD8ED9 /* Release */,
			);
			defaultConfigurationIsVisible = 0;
			defaultConfigurationName = Release;
		};
		46825AB71FFA368200FD8ED9 /* Build configuration list for PBXNativeTarget "LearningFun" */ = {
			isa = XCConfigurationList;
			buildConfigurations = (
				46825AB81FFA368200FD8ED9 /* Debug */,
				46825AB91FFA368200FD8ED9 /* Release */,
			);
			defaultConfigurationIsVisible = 0;
			defaultConfigurationName = Release;
		};
		46825ABA1FFA368200FD8ED9 /* Build configuration list for PBXNativeTarget "LearningFunTests" */ = {
			isa = XCConfigurationList;
			buildConfigurations = (
				46825ABB1FFA368200FD8ED9 /* Debug */,
				46825ABC1FFA368200FD8ED9 /* Release */,
			);
			defaultConfigurationIsVisible = 0;
			defaultConfigurationName = Release;
		};
		46825ABD1FFA368200FD8ED9 /* Build configuration list for PBXNativeTarget "LearningFunUITests" */ = {
			isa = XCConfigurationList;
			buildConfigurations = (
				46825ABE1FFA368200FD8ED9 /* Debug */,
				46825ABF1FFA368200FD8ED9 /* Release */,
			);
			defaultConfigurationIsVisible = 0;
			defaultConfigurationName = Release;
		};
/* End XCConfigurationList section */

/* Begin XCVersionGroup section */
		46825A961FFA368200FD8ED9 /* LearningFun.xcdatamodeld */ = {
			isa = XCVersionGroup;
			children = (
				46825A971FFA368200FD8ED9 /* LearningFun.xcdatamodel */,
			);
			currentVersion = 46825A971FFA368200FD8ED9 /* LearningFun.xcdatamodel */;
			path = LearningFun.xcdatamodeld;
			sourceTree = "<group>";
			versionGroupType = wrapper.xcdatamodel;
		};
/* End XCVersionGroup section */
	};
	rootObject = 46825A7F1FFA368200FD8ED9 /* Project object */;
}
